// !$*UTF8*$!
{
	archiveVersion = 1;
	classes = {
	};
	objectVersion = 50;
	objects = {

/* Begin PBXBuildFile section */
		EB4AFABA217F6014004618A0 /* AppDelegate.swift in Sources */ = {isa = PBXBuildFile; fileRef = EB4AFAB9217F6014004618A0 /* AppDelegate.swift */; };
		EB4AFABC217F6014004618A0 /* AlgorithmViewController.swift in Sources */ = {isa = PBXBuildFile; fileRef = EB4AFABB217F6014004618A0 /* AlgorithmViewController.swift */; };
		EB4AFABF217F6014004618A0 /* Main.storyboard in Resources */ = {isa = PBXBuildFile; fileRef = EB4AFABD217F6014004618A0 /* Main.storyboard */; };
		EB4AFAC1217F6066004618A0 /* Assets.xcassets in Resources */ = {isa = PBXBuildFile; fileRef = EB4AFAC0217F6066004618A0 /* Assets.xcassets */; };
		EB4AFAC4217F6067004618A0 /* LaunchScreen.storyboard in Resources */ = {isa = PBXBuildFile; fileRef = EB4AFAC2217F6067004618A0 /* LaunchScreen.storyboard */; };
		EBC474252188B37F001B8822 /* swiftSample@2x.png in Resources */ = {isa = PBXBuildFile; fileRef = EBC474232188B37E001B8822 /* swiftSample@2x.png */; };
		EBC474262188B37F001B8822 /* swiftSample@3x.png in Resources */ = {isa = PBXBuildFile; fileRef = EBC474242188B37E001B8822 /* swiftSample@3x.png */; };
		EBC474282188B4B7001B8822 /* swiftSample@1x.png in Resources */ = {isa = PBXBuildFile; fileRef = EBC474272188B4B7001B8822 /* swiftSample@1x.png */; };
/* End PBXBuildFile section */

/* Begin PBXFileReference section */
		EB4AFAB6217F6014004618A0 /* SpencerAlgorithm.app */ = {isa = PBXFileReference; explicitFileType = wrapper.application; includeInIndex = 0; path = SpencerAlgorithm.app; sourceTree = BUILT_PRODUCTS_DIR; };
		EB4AFAB9217F6014004618A0 /* AppDelegate.swift */ = {isa = PBXFileReference; lastKnownFileType = sourcecode.swift; path = AppDelegate.swift; sourceTree = "<group>"; };
		EB4AFABB217F6014004618A0 /* AlgorithmViewController.swift */ = {isa = PBXFileReference; lastKnownFileType = sourcecode.swift; path = AlgorithmViewController.swift; sourceTree = "<group>"; };
		EB4AFABE217F6014004618A0 /* Base */ = {isa = PBXFileReference; lastKnownFileType = file.storyboard; name = Base; path = Base.lproj/Main.storyboard; sourceTree = "<group>"; };
		EB4AFAC0217F6066004618A0 /* Assets.xcassets */ = {isa = PBXFileReference; lastKnownFileType = folder.assetcatalog; path = Assets.xcassets; sourceTree = "<group>"; };
		EB4AFAC3217F6067004618A0 /* Base */ = {isa = PBXFileReference; lastKnownFileType = file.storyboard; name = Base; path = Base.lproj/LaunchScreen.storyboard; sourceTree = "<group>"; };
		EB4AFAC5217F6068004618A0 /* Info.plist */ = {isa = PBXFileReference; lastKnownFileType = text.plist.xml; path = Info.plist; sourceTree = "<group>"; };
		EBC474232188B37E001B8822 /* swiftSample@2x.png */ = {isa = PBXFileReference; lastKnownFileType = image.png; name = "swiftSample@2x.png"; path = "../../../../../Downloads/swiftSample@2x.png"; sourceTree = "<group>"; };
		EBC474242188B37E001B8822 /* swiftSample@3x.png */ = {isa = PBXFileReference; lastKnownFileType = image.png; name = "swiftSample@3x.png"; path = "../../../../../Downloads/swiftSample@3x.png"; sourceTree = "<group>"; };
		EBC474272188B4B7001B8822 /* swiftSample@1x.png */ = {isa = PBXFileReference; lastKnownFileType = image.png; name = "swiftSample@1x.png"; path = "../../../../../Downloads/swiftSample@1x.png"; sourceTree = "<group>"; };
/* End PBXFileReference section */

/* Begin PBXFrameworksBuildPhase section */
		EB4AFAB3217F6014004618A0 /* Frameworks */ = {
			isa = PBXFrameworksBuildPhase;
			buildActionMask = 2147483647;
			files = (
			);
			runOnlyForDeploymentPostprocessing = 0;
		};
/* End PBXFrameworksBuildPhase section */

/* Begin PBXGroup section */
		EB4AFAAD217F6013004618A0 = {
			isa = PBXGroup;
			children = (
				EB4AFAB8217F6014004618A0 /* SpencerAlgorithm */,
				EB4AFAB7217F6014004618A0 /* Products */,
			);
			sourceTree = "<group>";
		};
		EB4AFAB7217F6014004618A0 /* Products */ = {
			isa = PBXGroup;
			children = (
				EB4AFAB6217F6014004618A0 /* SpencerAlgorithm.app */,
			);
			name = Products;
			sourceTree = "<group>";
		};
		EB4AFAB8217F6014004618A0 /* SpencerAlgorithm */ = {
			isa = PBXGroup;
			children = (
				EB4AFACC217F60B6004618A0 /* Resources */,
				EB4AFACD217F60C5004618A0 /* Controller */,
				EB4AFACB217F6092004618A0 /* View */,
			);
			path = SpencerAlgorithm;
			sourceTree = "<group>";
		};
		EB4AFACB217F6092004618A0 /* View */ = {
			isa = PBXGroup;
			children = (
				EB4AFABD217F6014004618A0 /* Main.storyboard */,
				EB4AFAC2217F6067004618A0 /* LaunchScreen.storyboard */,
			);
			path = View;
			sourceTree = "<group>";
		};
		EB4AFACC217F60B6004618A0 /* Resources */ = {
			isa = PBXGroup;
			children = (
				EB4AFAB9217F6014004618A0 /* AppDelegate.swift */,
				EB4AFAC0217F6066004618A0 /* Assets.xcassets */,
				EBC474272188B4B7001B8822 /* swiftSample@1x.png */,
				EBC474232188B37E001B8822 /* swiftSample@2x.png */,
				EBC474242188B37E001B8822 /* swiftSample@3x.png */,
				EB4AFAC5217F6068004618A0 /* Info.plist */,
			);
			path = Resources;
			sourceTree = "<group>";
		};
		EB4AFACD217F60C5004618A0 /* Controller */ = {
			isa = PBXGroup;
			children = (
				EB4AFABB217F6014004618A0 /* AlgorithmViewController.swift */,
			);
			path = Controller;
			sourceTree = "<group>";
		};
/* End PBXGroup section */

/* Begin PBXNativeTarget section */
		EB4AFAB5217F6014004618A0 /* SpencerAlgorithm */ = {
			isa = PBXNativeTarget;
			buildConfigurationList = EB4AFAC8217F6068004618A0 /* Build configuration list for PBXNativeTarget "SpencerAlgorithm" */;
			buildPhases = (
				EB4AFAB2217F6014004618A0 /* Sources */,
				EB4AFAB3217F6014004618A0 /* Frameworks */,
				EB4AFAB4217F6014004618A0 /* Resources */,
			);
			buildRules = (
			);
			dependencies = (
			);
			name = SpencerAlgorithm;
			productName = SpencerAlgorithm;
			productReference = EB4AFAB6217F6014004618A0 /* SpencerAlgorithm.app */;
			productType = "com.apple.product-type.application";
		};
/* End PBXNativeTarget section */

/* Begin PBXProject section */
		EB4AFAAE217F6013004618A0 /* Project object */ = {
			isa = PBXProject;
			attributes = {
				LastSwiftUpdateCheck = 0940;
				LastUpgradeCheck = 0940;
				ORGANIZATIONNAME = CTEC;
				TargetAttributes = {
					EB4AFAB5217F6014004618A0 = {
						CreatedOnToolsVersion = 9.4.1;
					};
				};
			};
			buildConfigurationList = EB4AFAB1217F6013004618A0 /* Build configuration list for PBXProject "SpencerAlgorithm" */;
			compatibilityVersion = "Xcode 9.3";
			developmentRegion = en;
			hasScannedForEncodings = 0;
			knownRegions = (
				en,
				Base,
			);
			mainGroup = EB4AFAAD217F6013004618A0;
			productRefGroup = EB4AFAB7217F6014004618A0 /* Products */;
			projectDirPath = "";
			projectRoot = "";
			targets = (
				EB4AFAB5217F6014004618A0 /* SpencerAlgorithm */,
			);
		};
/* End PBXProject section */

/* Begin PBXResourcesBuildPhase section */
		EB4AFAB4217F6014004618A0 /* Resources */ = {
			isa = PBXResourcesBuildPhase;
			buildActionMask = 2147483647;
			files = (
				EB4AFAC4217F6067004618A0 /* LaunchScreen.storyboard in Resources */,
				EB4AFAC1217F6066004618A0 /* Assets.xcassets in Resources */,
				EBC474252188B37F001B8822 /* swiftSample@2x.png in Resources */,
				EBC474262188B37F001B8822 /* swiftSample@3x.png in Resources */,
				EB4AFABF217F6014004618A0 /* Main.storyboard in Resources */,
				EBC474282188B4B7001B8822 /* swiftSample@1x.png in Resources */,
			);
			runOnlyForDeploymentPostprocessing = 0;
		};
/* End PBXResourcesBuildPhase section */

/* Begin PBXSourcesBuildPhase section */
		EB4AFAB2217F6014004618A0 /* Sources */ = {
			isa = PBXSourcesBuildPhase;
			buildActionMask = 2147483647;
			files = (
				EB4AFABC217F6014004618A0 /* AlgorithmViewController.swift in Sources */,
				EB4AFABA217F6014004618A0 /* AppDelegate.swift in Sources */,
			);
			runOnlyForDeploymentPostprocessing = 0;
		};
/* End PBXSourcesBuildPhase section */

/* Begin PBXVariantGroup section */
		EB4AFABD217F6014004618A0 /* Main.storyboard */ = {
			isa = PBXVariantGroup;
			children = (
				EB4AFABE217F6014004618A0 /* Base */,
			);
			name = Main.storyboard;
			sourceTree = "<group>";
		};
		EB4AFAC2217F6067004618A0 /* LaunchScreen.storyboard */ = {
			isa = PBXVariantGroup;
			children = (
				EB4AFAC3217F6067004618A0 /* Base */,
			);
			name = LaunchScreen.storyboard;
			sourceTree = "<group>";
		};
/* End PBXVariantGroup section */

/* Begin XCBuildConfiguration section */
		EB4AFAC6217F6068004618A0 /* Debug */ = {
			isa = XCBuildConfiguration;
			buildSettings = {
				ALWAYS_SEARCH_USER_PATHS = NO;
				CLANG_ANALYZER_NONNULL = YES;
				CLANG_ANALYZER_NUMBER_OBJECT_CONVERSION = YES_AGGRESSIVE;
				CLANG_CXX_LANGUAGE_STANDARD = "gnu++14";
				CLANG_CXX_LIBRARY = "libc++";
				CLANG_ENABLE_MODULES = YES;
				CLANG_ENABLE_OBJC_ARC = YES;
				CLANG_ENABLE_OBJC_WEAK = YES;
				CLANG_WARN_BLOCK_CAPTURE_AUTORELEASING = YES;
				CLANG_WARN_BOOL_CONVERSION = YES;
				CLANG_WARN_COMMA = YES;
				CLANG_WARN_CONSTANT_CONVERSION = YES;
				CLANG_WARN_DEPRECATED_OBJC_IMPLEMENTATIONS = YES;
				CLANG_WARN_DIRECT_OBJC_ISA_USAGE = YES_ERROR;
				CLANG_WARN_DOCUMENTATION_COMMENTS = YES;
				CLANG_WARN_EMPTY_BODY = YES;
				CLANG_WARN_ENUM_CONVERSION = YES;
				CLANG_WARN_INFINITE_RECURSION = YES;
				CLANG_WARN_INT_CONVERSION = YES;
				CLANG_WARN_NON_LITERAL_NULL_CONVERSION = YES;
				CLANG_WARN_OBJC_IMPLICIT_RETAIN_SELF = YES;
				CLANG_WARN_OBJC_LITERAL_CONVERSION = YES;
				CLANG_WARN_OBJC_ROOT_CLASS = YES_ERROR;
				CLANG_WARN_RANGE_LOOP_ANALYSIS = YES;
				CLANG_WARN_STRICT_PROTOTYPES = YES;
				CLANG_WARN_SUSPICIOUS_MOVE = YES;
				CLANG_WARN_UNGUARDED_AVAILABILITY = YES_AGGRESSIVE;
				CLANG_WARN_UNREACHABLE_CODE = YES;
				CLANG_WARN__DUPLICATE_METHOD_MATCH = YES;
				CODE_SIGN_IDENTITY = "iPhone Developer";
				COPY_PHASE_STRIP = NO;
				DEBUG_INFORMATION_FORMAT = dwarf;
				ENABLE_STRICT_OBJC_MSGSEND = YES;
				ENABLE_TESTABILITY = YES;
				GCC_C_LANGUAGE_STANDARD = gnu11;
				GCC_DYNAMIC_NO_PIC = NO;
				GCC_NO_COMMON_BLOCKS = YES;
				GCC_OPTIMIZATION_LEVEL = 0;
				GCC_PREPROCESSOR_DEFINITIONS = (
					"DEBUG=1",
					"$(inherited)",
				);
				GCC_WARN_64_TO_32_BIT_CONVERSION = YES;
				GCC_WARN_ABOUT_RETURN_TYPE = YES_ERROR;
				GCC_WARN_UNDECLARED_SELECTOR = YES;
				GCC_WARN_UNINITIALIZED_AUTOS = YES_AGGRESSIVE;
				GCC_WARN_UNUSED_FUNCTION = YES;
				GCC_WARN_UNUSED_VARIABLE = YES;
				IPHONEOS_DEPLOYMENT_TARGET = 11.4;
				MTL_ENABLE_DEBUG_INFO = YES;
				ONLY_ACTIVE_ARCH = YES;
				SDKROOT = iphoneos;
				SWIFT_ACTIVE_COMPILATION_CONDITIONS = DEBUG;
				SWIFT_OPTIMIZATION_LEVEL = "-Onone";
			};
			name = Debug;
		};
		EB4AFAC7217F6068004618A0 /* Release */ = {
			isa = XCBuildConfiguration;
			buildSettings = {
				ALWAYS_SEARCH_USER_PATHS = NO;
				CLANG_ANALYZER_NONNULL = YES;
				CLANG_ANALYZER_NUMBER_OBJECT_CONVERSION = YES_AGGRESSIVE;
				CLANG_CXX_LANGUAGE_STANDARD = "gnu++14";
				CLANG_CXX_LIBRARY = "libc++";
				CLANG_ENABLE_MODULES = YES;
				CLANG_ENABLE_OBJC_ARC = YES;
				CLANG_ENABLE_OBJC_WEAK = YES;
				CLANG_WARN_BLOCK_CAPTURE_AUTORELEASING = YES;
				CLANG_WARN_BOOL_CONVERSION = YES;
				CLANG_WARN_COMMA = YES;
				CLANG_WARN_CONSTANT_CONVERSION = YES;
				CLANG_WARN_DEPRECATED_OBJC_IMPLEMENTATIONS = YES;
				CLANG_WARN_DIRECT_OBJC_ISA_USAGE = YES_ERROR;
				CLANG_WARN_DOCUMENTATION_COMMENTS = YES;
				CLANG_WARN_EMPTY_BODY = YES;
				CLANG_WARN_ENUM_CONVERSION = YES;
				CLANG_WARN_INFINITE_RECURSION = YES;
				CLANG_WARN_INT_CONVERSION = YES;
				CLANG_WARN_NON_LITERAL_NULL_CONVERSION = YES;
				CLANG_WARN_OBJC_IMPLICIT_RETAIN_SELF = YES;
				CLANG_WARN_OBJC_LITERAL_CONVERSION = YES;
				CLANG_WARN_OBJC_ROOT_CLASS = YES_ERROR;
				CLANG_WARN_RANGE_LOOP_ANALYSIS = YES;
				CLANG_WARN_STRICT_PROTOTYPES = YES;
				CLANG_WARN_SUSPICIOUS_MOVE = YES;
				CLANG_WARN_UNGUARDED_AVAILABILITY = YES_AGGRESSIVE;
				CLANG_WARN_UNREACHABLE_CODE = YES;
				CLANG_WARN__DUPLICATE_METHOD_MATCH = YES;
				CODE_SIGN_IDENTITY = "iPhone Developer";
				COPY_PHASE_STRIP = NO;
				DEBUG_INFORMATION_FORMAT = "dwarf-with-dsym";
				ENABLE_NS_ASSERTIONS = NO;
				ENABLE_STRICT_OBJC_MSGSEND = YES;
				GCC_C_LANGUAGE_STANDARD = gnu11;
				GCC_NO_COMMON_BLOCKS = YES;
				GCC_WARN_64_TO_32_BIT_CONVERSION = YES;
				GCC_WARN_ABOUT_RETURN_TYPE = YES_ERROR;
				GCC_WARN_UNDECLARED_SELECTOR = YES;
				GCC_WARN_UNINITIALIZED_AUTOS = YES_AGGRESSIVE;
				GCC_WARN_UNUSED_FUNCTION = YES;
				GCC_WARN_UNUSED_VARIABLE = YES;
				IPHONEOS_DEPLOYMENT_TARGET = 11.4;
				MTL_ENABLE_DEBUG_INFO = NO;
				SDKROOT = iphoneos;
				SWIFT_COMPILATION_MODE = wholemodule;
				SWIFT_OPTIMIZATION_LEVEL = "-O";
				VALIDATE_PRODUCT = YES;
			};
			name = Release;
		};
		EB4AFAC9217F6068004618A0 /* Debug */ = {
			isa = XCBuildConfiguration;
			buildSettings = {
				ASSETCATALOG_COMPILER_APPICON_NAME = AppIcon;
				CODE_SIGN_STYLE = Automatic;
				INFOPLIST_FILE = "$(SRCROOT)/SpencerAlgorithm/Resources/Info.plist";
				LD_RUNPATH_SEARCH_PATHS = (
					"$(inherited)",
					"@executable_path/Frameworks",
				);
				PRODUCT_BUNDLE_IDENTIFIER = CTEC.SpencerAlgorithm;
				PRODUCT_NAME = "$(TARGET_NAME)";
				SWIFT_VERSION = 4.0;
				TARGETED_DEVICE_FAMILY = "1,2";
			};
			name = Debug;
		};
		EB4AFACA217F6068004618A0 /* Release */ = {
			isa = XCBuildConfiguration;
			buildSettings = {
				ASSETCATALOG_COMPILER_APPICON_NAME = AppIcon;
				CODE_SIGN_STYLE = Automatic;
				INFOPLIST_FILE = "$(SRCROOT)/SpencerAlgorithm/Resources/Info.plist";
				LD_RUNPATH_SEARCH_PATHS = (
					"$(inherited)",
					"@executable_path/Frameworks",
				);
				PRODUCT_BUNDLE_IDENTIFIER = CTEC.SpencerAlgorithm;
				PRODUCT_NAME = "$(TARGET_NAME)";
				SWIFT_VERSION = 4.0;
				TARGETED_DEVICE_FAMILY = "1,2";
			};
			name = Release;
		};
/* End XCBuildConfiguration section */

/* Begin XCConfigurationList section */
		EB4AFAB1217F6013004618A0 /* Build configuration list for PBXProject "SpencerAlgorithm" */ = {
			isa = XCConfigurationList;
			buildConfigurations = (
				EB4AFAC6217F6068004618A0 /* Debug */,
				EB4AFAC7217F6068004618A0 /* Release */,
			);
			defaultConfigurationIsVisible = 0;
			defaultConfigurationName = Release;
		};
		EB4AFAC8217F6068004618A0 /* Build configuration list for PBXNativeTarget "SpencerAlgorithm" */ = {
			isa = XCConfigurationList;
			buildConfigurations = (
				EB4AFAC9217F6068004618A0 /* Debug */,
				EB4AFACA217F6068004618A0 /* Release */,
			);
			defaultConfigurationIsVisible = 0;
			defaultConfigurationName = Release;
		};
/* End XCConfigurationList section */
	};
	rootObject = EB4AFAAE217F6013004618A0 /* Project object */;
}
